// !$*UTF8*$!
{
	archiveVersion = 1;
	classes = {
	};
	objectVersion = 46;
	objects = {

/* Begin PBXBuildFile section */
		CF2D63841E959D370016E975 /* AppDelegate.swift in Sources */ = {isa = PBXBuildFile; fileRef = CF2D63781E959D370016E975 /* AppDelegate.swift */; };
		CF2D63861E959D370016E975 /* Assets.xcassets in Resources */ = {isa = PBXBuildFile; fileRef = CF2D637D1E959D370016E975 /* Assets.xcassets */; };
		CF2D63871E959D370016E975 /* LaunchScreen.storyboard in Resources */ = {isa = PBXBuildFile; fileRef = CF2D637E1E959D370016E975 /* LaunchScreen.storyboard */; };
		CF2D63881E959D370016E975 /* Main.storyboard in Resources */ = {isa = PBXBuildFile; fileRef = CF2D63801E959D370016E975 /* Main.storyboard */; };
		CF2D638A1E959E430016E975 /* Info.plist in Resources */ = {isa = PBXBuildFile; fileRef = CF2D63891E959E430016E975 /* Info.plist */; };
		CF2D638C1E95AA300016E975 /* RegisterViewController.swift in Sources */ = {isa = PBXBuildFile; fileRef = CF2D638B1E95AA300016E975 /* RegisterViewController.swift */; };
		CF2D638E1E95AA880016E975 /* ReminderTableViewController.swift in Sources */ = {isa = PBXBuildFile; fileRef = CF2D638D1E95AA880016E975 /* ReminderTableViewController.swift */; };
		CF2D63911E95AAC00016E975 /* ReminderTableViewCell.swift in Sources */ = {isa = PBXBuildFile; fileRef = CF2D63901E95AAC00016E975 /* ReminderTableViewCell.swift */; };
		CF2D63931E95CF380016E975 /* UIViewControllerExtension.swift in Sources */ = {isa = PBXBuildFile; fileRef = CF2D63921E95CF380016E975 /* UIViewControllerExtension.swift */; };
/* End PBXBuildFile section */

/* Begin PBXFileReference section */
		CF2D63621E959D1E0016E975 /* RememberMe.app */ = {isa = PBXFileReference; explicitFileType = wrapper.application; includeInIndex = 0; path = RememberMe.app; sourceTree = BUILT_PRODUCTS_DIR; };
		CF2D63781E959D370016E975 /* AppDelegate.swift */ = {isa = PBXFileReference; fileEncoding = 4; lastKnownFileType = sourcecode.swift; path = AppDelegate.swift; sourceTree = "<group>"; };
		CF2D637D1E959D370016E975 /* Assets.xcassets */ = {isa = PBXFileReference; lastKnownFileType = folder.assetcatalog; path = Assets.xcassets; sourceTree = "<group>"; };
		CF2D637F1E959D370016E975 /* Base */ = {isa = PBXFileReference; lastKnownFileType = file.storyboard; name = Base; path = Base.lproj/LaunchScreen.storyboard; sourceTree = "<group>"; };
		CF2D63811E959D370016E975 /* Base */ = {isa = PBXFileReference; lastKnownFileType = file.storyboard; name = Base; path = Base.lproj/Main.storyboard; sourceTree = "<group>"; };
		CF2D63891E959E430016E975 /* Info.plist */ = {isa = PBXFileReference; fileEncoding = 4; lastKnownFileType = text.plist.xml; path = Info.plist; sourceTree = "<group>"; };
		CF2D638B1E95AA300016E975 /* RegisterViewController.swift */ = {isa = PBXFileReference; fileEncoding = 4; lastKnownFileType = sourcecode.swift; path = RegisterViewController.swift; sourceTree = "<group>"; };
		CF2D638D1E95AA880016E975 /* ReminderTableViewController.swift */ = {isa = PBXFileReference; fileEncoding = 4; lastKnownFileType = sourcecode.swift; path = ReminderTableViewController.swift; sourceTree = "<group>"; };
		CF2D63901E95AAC00016E975 /* ReminderTableViewCell.swift */ = {isa = PBXFileReference; fileEncoding = 4; lastKnownFileType = sourcecode.swift; path = ReminderTableViewCell.swift; sourceTree = "<group>"; };
		CF2D63921E95CF380016E975 /* UIViewControllerExtension.swift */ = {isa = PBXFileReference; fileEncoding = 4; lastKnownFileType = sourcecode.swift; path = UIViewControllerExtension.swift; sourceTree = "<group>"; };
/* End PBXFileReference section */

/* Begin PBXFrameworksBuildPhase section */
		CF2D635F1E959D1D0016E975 /* Frameworks */ = {
			isa = PBXFrameworksBuildPhase;
			buildActionMask = 2147483647;
			files = (
			);
			runOnlyForDeploymentPostprocessing = 0;
		};
/* End PBXFrameworksBuildPhase section */

/* Begin PBXGroup section */
		CF2D63591E959D1D0016E975 = {
			isa = PBXGroup;
			children = (
				CF2D63641E959D1E0016E975 /* RememberMe */,
				CF2D63631E959D1E0016E975 /* Products */,
			);
			sourceTree = "<group>";
		};
		CF2D63631E959D1E0016E975 /* Products */ = {
			isa = PBXGroup;
			children = (
				CF2D63621E959D1E0016E975 /* RememberMe.app */,
			);
			name = Products;
			sourceTree = "<group>";
		};
		CF2D63641E959D1E0016E975 /* RememberMe */ = {
			isa = PBXGroup;
			children = (
				CF2D63771E959D370016E975 /* Application */,
				CF2D637A1E959D370016E975 /* Convenient */,
				CF2D637B1E959D370016E975 /* Model */,
				CF2D637C1E959D370016E975 /* Resources */,
				CF2D63821E959D370016E975 /* Services */,
				CF2D63831E959D370016E975 /* ViewControllers */,
			);
			path = RememberMe;
			sourceTree = "<group>";
		};
		CF2D63771E959D370016E975 /* Application */ = {
			isa = PBXGroup;
			children = (
				CF2D63891E959E430016E975 /* Info.plist */,
				CF2D63781E959D370016E975 /* AppDelegate.swift */,
			);
			path = Application;
			sourceTree = "<group>";
		};
		CF2D637A1E959D370016E975 /* Convenient */ = {
			isa = PBXGroup;
			children = (
				CF2D63921E95CF380016E975 /* UIViewControllerExtension.swift */,
			);
			path = Convenient;
			sourceTree = "<group>";
		};
		CF2D637B1E959D370016E975 /* Model */ = {
			isa = PBXGroup;
			children = (
			);
			path = Model;
			sourceTree = "<group>";
		};
		CF2D637C1E959D370016E975 /* Resources */ = {
			isa = PBXGroup;
			children = (
				CF2D637D1E959D370016E975 /* Assets.xcassets */,
				CF2D637E1E959D370016E975 /* LaunchScreen.storyboard */,
				CF2D63801E959D370016E975 /* Main.storyboard */,
			);
			path = Resources;
			sourceTree = "<group>";
		};
		CF2D63821E959D370016E975 /* Services */ = {
			isa = PBXGroup;
			children = (
			);
			path = Services;
			sourceTree = "<group>";
		};
		CF2D63831E959D370016E975 /* ViewControllers */ = {
			isa = PBXGroup;
			children = (
				CF2D638F1E95AAB10016E975 /* Cell */,
				CF2D638B1E95AA300016E975 /* RegisterViewController.swift */,
				CF2D638D1E95AA880016E975 /* ReminderTableViewController.swift */,
			);
			path = ViewControllers;
			sourceTree = "<group>";
		};
		CF2D638F1E95AAB10016E975 /* Cell */ = {
			isa = PBXGroup;
			children = (
				CF2D63901E95AAC00016E975 /* ReminderTableViewCell.swift */,
			);
			path = Cell;
			sourceTree = "<group>";
		};
/* End PBXGroup section */

/* Begin PBXNativeTarget section */
		CF2D63611E959D1D0016E975 /* RememberMe */ = {
			isa = PBXNativeTarget;
			buildConfigurationList = CF2D63741E959D1E0016E975 /* Build configuration list for PBXNativeTarget "RememberMe" */;
			buildPhases = (
				CF2D635E1E959D1D0016E975 /* Sources */,
				CF2D635F1E959D1D0016E975 /* Frameworks */,
				CF2D63601E959D1D0016E975 /* Resources */,
			);
			buildRules = (
			);
			dependencies = (
			);
			name = RememberMe;
			productName = RememberMe;
			productReference = CF2D63621E959D1E0016E975 /* RememberMe.app */;
			productType = "com.apple.product-type.application";
		};
/* End PBXNativeTarget section */

/* Begin PBXProject section */
		CF2D635A1E959D1D0016E975 /* Project object */ = {
			isa = PBXProject;
			attributes = {
				LastSwiftUpdateCheck = 0820;
				LastUpgradeCheck = 0820;
				ORGANIZATIONNAME = "Joao Anjos";
				TargetAttributes = {
					CF2D63611E959D1D0016E975 = {
						CreatedOnToolsVersion = 8.2.1;
						DevelopmentTeam = L3UFDP9UDD;
						ProvisioningStyle = Automatic;
					};
				};
			};
			buildConfigurationList = CF2D635D1E959D1D0016E975 /* Build configuration list for PBXProject "RememberMe" */;
			compatibilityVersion = "Xcode 3.2";
			developmentRegion = English;
			hasScannedForEncodings = 0;
			knownRegions = (
				en,
				Base,
			);
			mainGroup = CF2D63591E959D1D0016E975;
			productRefGroup = CF2D63631E959D1E0016E975 /* Products */;
			projectDirPath = "";
			projectRoot = "";
			targets = (
				CF2D63611E959D1D0016E975 /* RememberMe */,
			);
		};
/* End PBXProject section */

/* Begin PBXResourcesBuildPhase section */
		CF2D63601E959D1D0016E975 /* Resources */ = {
			isa = PBXResourcesBuildPhase;
			buildActionMask = 2147483647;
			files = (
				CF2D638A1E959E430016E975 /* Info.plist in Resources */,
				CF2D63881E959D370016E975 /* Main.storyboard in Resources */,
				CF2D63871E959D370016E975 /* LaunchScreen.storyboard in Resources */,
				CF2D63861E959D370016E975 /* Assets.xcassets in Resources */,
			);
			runOnlyForDeploymentPostprocessing = 0;
		};
/* End PBXResourcesBuildPhase section */

/* Begin PBXSourcesBuildPhase section */
		CF2D635E1E959D1D0016E975 /* Sources */ = {
			isa = PBXSourcesBuildPhase;
			buildActionMask = 2147483647;
			files = (
				CF2D63911E95AAC00016E975 /* ReminderTableViewCell.swift in Sources */,
				CF2D63931E95CF380016E975 /* UIViewControllerExtension.swift in Sources */,
				CF2D63841E959D370016E975 /* AppDelegate.swift in Sources */,
				CF2D638E1E95AA880016E975 /* ReminderTableViewController.swift in Sources */,
				CF2D638C1E95AA300016E975 /* RegisterViewController.swift in Sources */,
			);
			runOnlyForDeploymentPostprocessing = 0;
		};
/* End PBXSourcesBuildPhase section */

/* Begin PBXVariantGroup section */
		CF2D637E1E959D370016E975 /* LaunchScreen.storyboard */ = {
			isa = PBXVariantGroup;
			children = (
				CF2D637F1E959D370016E975 /* Base */,
			);
			name = LaunchScreen.storyboard;
			sourceTree = "<group>";
		};
		CF2D63801E959D370016E975 /* Main.storyboard */ = {
			isa = PBXVariantGroup;
			children = (
				CF2D63811E959D370016E975 /* Base */,
			);
			name = Main.storyboard;
			sourceTree = "<group>";
		};
/* End PBXVariantGroup section */

/* Begin XCBuildConfiguration section */
		CF2D63721E959D1E0016E975 /* Debug */ = {
			isa = XCBuildConfiguration;
			buildSettings = {
				ALWAYS_SEARCH_USER_PATHS = NO;
				CLANG_ANALYZER_NONNULL = YES;
				CLANG_CXX_LANGUAGE_STANDARD = "gnu++0x";
				CLANG_CXX_LIBRARY = "libc++";
				CLANG_ENABLE_MODULES = YES;
				CLANG_ENABLE_OBJC_ARC = YES;
				CLANG_WARN_BOOL_CONVERSION = YES;
				CLANG_WARN_CONSTANT_CONVERSION = YES;
				CLANG_WARN_DIRECT_OBJC_ISA_USAGE = YES_ERROR;
				CLANG_WARN_DOCUMENTATION_COMMENTS = YES;
				CLANG_WARN_EMPTY_BODY = YES;
				CLANG_WARN_ENUM_CONVERSION = YES;
				CLANG_WARN_INFINITE_RECURSION = YES;
				CLANG_WARN_INT_CONVERSION = YES;
				CLANG_WARN_OBJC_ROOT_CLASS = YES_ERROR;
				CLANG_WARN_SUSPICIOUS_MOVE = YES;
				CLANG_WARN_UNREACHABLE_CODE = YES;
				CLANG_WARN__DUPLICATE_METHOD_MATCH = YES;
				"CODE_SIGN_IDENTITY[sdk=iphoneos*]" = "iPhone Developer";
				COPY_PHASE_STRIP = NO;
				DEBUG_INFORMATION_FORMAT = dwarf;
				ENABLE_STRICT_OBJC_MSGSEND = YES;
				ENABLE_TESTABILITY = YES;
				GCC_C_LANGUAGE_STANDARD = gnu99;
				GCC_DYNAMIC_NO_PIC = NO;
				GCC_NO_COMMON_BLOCKS = YES;
				GCC_OPTIMIZATION_LEVEL = 0;
				GCC_PREPROCESSOR_DEFINITIONS = (
					"DEBUG=1",
					"$(inherited)",
				);
				GCC_WARN_64_TO_32_BIT_CONVERSION = YES;
				GCC_WARN_ABOUT_RETURN_TYPE = YES_ERROR;
				GCC_WARN_UNDECLARED_SELECTOR = YES;
				GCC_WARN_UNINITIALIZED_AUTOS = YES_AGGRESSIVE;
				GCC_WARN_UNUSED_FUNCTION = YES;
				GCC_WARN_UNUSED_VARIABLE = YES;
				IPHONEOS_DEPLOYMENT_TARGET = 10.2;
				MTL_ENABLE_DEBUG_INFO = YES;
				ONLY_ACTIVE_ARCH = YES;
				SDKROOT = iphoneos;
				SWIFT_ACTIVE_COMPILATION_CONDITIONS = DEBUG;
				SWIFT_OPTIMIZATION_LEVEL = "-Onone";
				TARGETED_DEVICE_FAMILY = "1,2";
			};
			name = Debug;
		};
		CF2D63731E959D1E0016E975 /* Release */ = {
			isa = XCBuildConfiguration;
			buildSettings = {
				ALWAYS_SEARCH_USER_PATHS = NO;
				CLANG_ANALYZER_NONNULL = YES;
				CLANG_CXX_LANGUAGE_STANDARD = "gnu++0x";
				CLANG_CXX_LIBRARY = "libc++";
				CLANG_ENABLE_MODULES = YES;
				CLANG_ENABLE_OBJC_ARC = YES;
				CLANG_WARN_BOOL_CONVERSION = YES;
				CLANG_WARN_CONSTANT_CONVERSION = YES;
				CLANG_WARN_DIRECT_OBJC_ISA_USAGE = YES_ERROR;
				CLANG_WARN_DOCUMENTATION_COMMENTS = YES;
				CLANG_WARN_EMPTY_BODY = YES;
				CLANG_WARN_ENUM_CONVERSION = YES;
				CLANG_WARN_INFINITE_RECURSION = YES;
				CLANG_WARN_INT_CONVERSION = YES;
				CLANG_WARN_OBJC_ROOT_CLASS = YES_ERROR;
				CLANG_WARN_SUSPICIOUS_MOVE = YES;
				CLANG_WARN_UNREACHABLE_CODE = YES;
				CLANG_WARN__DUPLICATE_METHOD_MATCH = YES;
				"CODE_SIGN_IDENTITY[sdk=iphoneos*]" = "iPhone Developer";
				COPY_PHASE_STRIP = NO;
				DEBUG_INFORMATION_FORMAT = "dwarf-with-dsym";
				ENABLE_NS_ASSERTIONS = NO;
				ENABLE_STRICT_OBJC_MSGSEND = YES;
				GCC_C_LANGUAGE_STANDARD = gnu99;
				GCC_NO_COMMON_BLOCKS = YES;
				GCC_WARN_64_TO_32_BIT_CONVERSION = YES;
				GCC_WARN_ABOUT_RETURN_TYPE = YES_ERROR;
				GCC_WARN_UNDECLARED_SELECTOR = YES;
				GCC_WARN_UNINITIALIZED_AUTOS = YES_AGGRESSIVE;
				GCC_WARN_UNUSED_FUNCTION = YES;
				GCC_WARN_UNUSED_VARIABLE = YES;
				IPHONEOS_DEPLOYMENT_TARGET = 10.2;
				MTL_ENABLE_DEBUG_INFO = NO;
				SDKROOT = iphoneos;
				SWIFT_OPTIMIZATION_LEVEL = "-Owholemodule";
				TARGETED_DEVICE_FAMILY = "1,2";
				VALIDATE_PRODUCT = YES;
			};
			name = Release;
		};
		CF2D63751E959D1E0016E975 /* Debug */ = {
			isa = XCBuildConfiguration;
			buildSettings = {
				ASSETCATALOG_COMPILER_APPICON_NAME = AppIcon;
				DEVELOPMENT_TEAM = L3UFDP9UDD;
				INFOPLIST_FILE = "$(SRCROOT)/RememberMe/Application/Info.plist";
				LD_RUNPATH_SEARCH_PATHS = "$(inherited) @executable_path/Frameworks";
				PRODUCT_BUNDLE_IDENTIFIER = com.cavalcante.RememberMe;
				PRODUCT_NAME = "$(TARGET_NAME)";
				SWIFT_VERSION = 3.0;
			};
			name = Debug;
		};
		CF2D63761E959D1E0016E975 /* Release */ = {
			isa = XCBuildConfiguration;
			buildSettings = {
				ASSETCATALOG_COMPILER_APPICON_NAME = AppIcon;
				DEVELOPMENT_TEAM = L3UFDP9UDD;
				INFOPLIST_FILE = "$(SRCROOT)/RememberMe/Application/Info.plist";
				LD_RUNPATH_SEARCH_PATHS = "$(inherited) @executable_path/Frameworks";
				PRODUCT_BUNDLE_IDENTIFIER = com.cavalcante.RememberMe;
				PRODUCT_NAME = "$(TARGET_NAME)";
				SWIFT_VERSION = 3.0;
			};
			name = Release;
		};
/* End XCBuildConfiguration section */

/* Begin XCConfigurationList section */
		CF2D635D1E959D1D0016E975 /* Build configuration list for PBXProject "RememberMe" */ = {
			isa = XCConfigurationList;
			buildConfigurations = (
				CF2D63721E959D1E0016E975 /* Debug */,
				CF2D63731E959D1E0016E975 /* Release */,
			);
			defaultConfigurationIsVisible = 0;
			defaultConfigurationName = Release;
		};
		CF2D63741E959D1E0016E975 /* Build configuration list for PBXNativeTarget "RememberMe" */ = {
			isa = XCConfigurationList;
			buildConfigurations = (
				CF2D63751E959D1E0016E975 /* Debug */,
				CF2D63761E959D1E0016E975 /* Release */,
			);
			defaultConfigurationIsVisible = 0;
		};
/* End XCConfigurationList section */
	};
	rootObject = CF2D635A1E959D1D0016E975 /* Project object */;
}
